
Microsoft Visual Studio Solution File, Format Version 12.00
# Visual Studio Version 17
VisualStudioVersion = 17.4.33213.308
MinimumVisualStudioVersion = 10.0.40219.1
Project("{2150E333-8FDC-42A3-9474-1A3956D46DE8}") = "Domain", "Domain", "{90E8876C-99E1-4035-943D-9BF8E67A1717}"
EndProject
Project("{2150E333-8FDC-42A3-9474-1A3956D46DE8}") = "Persistence", "Persistence", "{3CB1C32D-10BB-4D9D-9490-18400391F386}"
EndProject
Project("{9A19103F-16F7-4668-BE54-9A1E7A4F7556}") = "Domain", "Domain\Domain.csproj", "{134E06B9-D6C0-4A64-ABD4-35DB99D6B3F3}"
EndProject
Project("{9A19103F-16F7-4668-BE54-9A1E7A4F7556}") = "Persistence", "Persistence\Persistence.csproj", "{9746DFD4-41EC-42A1-ABC1-98CF316C6DE6}"
EndProject
Project("{2150E333-8FDC-42A3-9474-1A3956D46DE8}") = "Presentation", "Presentation", "{67FADFB3-8770-4638-9BAC-5FB6237FEE11}"
EndProject
Project("{2150E333-8FDC-42A3-9474-1A3956D46DE8}") = "Shared", "Shared", "{94781DB7-8D66-498E-9E81-27AA012EDBDD}"
EndProject
Project("{2150E333-8FDC-42A3-9474-1A3956D46DE8}") = "Framework", "Framework", "{7C2F6ABA-912A-4F85-B1C2-3BAAC60E8CFC}"
EndProject
Project("{9A19103F-16F7-4668-BE54-9A1E7A4F7556}") = "Usf", "Usf\Usf.csproj", "{F6B372CC-09DC-44CA-9321-12CCFEB4ED7F}"
EndProject
Project("{9A19103F-16F7-4668-BE54-9A1E7A4F7556}") = "MyApplication", "MyApplication\MyApplication.csproj", "{0D977FAB-9F03-4D57-BC88-E09371C6FC15}"
EndProject
Project("{9A19103F-16F7-4668-BE54-9A1E7A4F7556}") = "Resources", "Resources\Resources.csproj", "{49B6037D-3F25-4BDB-8E1A-515DB3644CF6}"
EndProject
Global
	GlobalSection(SolutionConfigurationPlatforms) = preSolution
		Debug|Any CPU = Debug|Any CPU
		Release|Any CPU = Release|Any CPU
	EndGlobalSection
	GlobalSection(ProjectConfigurationPlatforms) = postSolution
		{134E06B9-D6C0-4A64-ABD4-35DB99D6B3F3}.Debug|Any CPU.ActiveCfg = Debug|Any CPU
		{134E06B9-D6C0-4A64-ABD4-35DB99D6B3F3}.Debug|Any CPU.Build.0 = Debug|Any CPU
		{134E06B9-D6C0-4A64-ABD4-35DB99D6B3F3}.Release|Any CPU.ActiveCfg = Release|Any CPU
		{134E06B9-D6C0-4A64-ABD4-35DB99D6B3F3}.Release|Any CPU.Build.0 = Release|Any CPU
		{9746DFD4-41EC-42A1-ABC1-98CF316C6DE6}.Debug|Any CPU.ActiveCfg = Debug|Any CPU
		{9746DFD4-41EC-42A1-ABC1-98CF316C6DE6}.Debug|Any CPU.Build.0 = Debug|Any CPU
		{9746DFD4-41EC-42A1-ABC1-98CF316C6DE6}.Release|Any CPU.ActiveCfg = Release|Any CPU
		{9746DFD4-41EC-42A1-ABC1-98CF316C6DE6}.Release|Any CPU.Build.0 = Release|Any CPU
		{F6B372CC-09DC-44CA-9321-12CCFEB4ED7F}.Debug|Any CPU.ActiveCfg = Debug|Any CPU
		{F6B372CC-09DC-44CA-9321-12CCFEB4ED7F}.Debug|Any CPU.Build.0 = Debug|Any CPU
		{F6B372CC-09DC-44CA-9321-12CCFEB4ED7F}.Release|Any CPU.ActiveCfg = Release|Any CPU
		{F6B372CC-09DC-44CA-9321-12CCFEB4ED7F}.Release|Any CPU.Build.0 = Release|Any CPU
		{0D977FAB-9F03-4D57-BC88-E09371C6FC15}.Debug|Any CPU.ActiveCfg = Debug|Any CPU
		{0D977FAB-9F03-4D57-BC88-E09371C6FC15}.Debug|Any CPU.Build.0 = Debug|Any CPU
		{0D977FAB-9F03-4D57-BC88-E09371C6FC15}.Release|Any CPU.ActiveCfg = Release|Any CPU
		{0D977FAB-9F03-4D57-BC88-E09371C6FC15}.Release|Any CPU.Build.0 = Release|Any CPU
		{49B6037D-3F25-4BDB-8E1A-515DB3644CF6}.Debug|Any CPU.ActiveCfg = Debug|Any CPU
		{49B6037D-3F25-4BDB-8E1A-515DB3644CF6}.Debug|Any CPU.Build.0 = Debug|Any CPU
		{49B6037D-3F25-4BDB-8E1A-515DB3644CF6}.Release|Any CPU.ActiveCfg = Release|Any CPU
		{49B6037D-3F25-4BDB-8E1A-515DB3644CF6}.Release|Any CPU.Build.0 = Release|Any CPU
	EndGlobalSection
	GlobalSection(SolutionProperties) = preSolution
		HideSolutionNode = FALSE
	EndGlobalSection
	GlobalSection(NestedProjects) = preSolution
		{134E06B9-D6C0-4A64-ABD4-35DB99D6B3F3} = {90E8876C-99E1-4035-943D-9BF8E67A1717}
		{9746DFD4-41EC-42A1-ABC1-98CF316C6DE6} = {3CB1C32D-10BB-4D9D-9490-18400391F386}
		{F6B372CC-09DC-44CA-9321-12CCFEB4ED7F} = {7C2F6ABA-912A-4F85-B1C2-3BAAC60E8CFC}
		{0D977FAB-9F03-4D57-BC88-E09371C6FC15} = {67FADFB3-8770-4638-9BAC-5FB6237FEE11}
		{49B6037D-3F25-4BDB-8E1A-515DB3644CF6} = {94781DB7-8D66-498E-9E81-27AA012EDBDD}
	EndGlobalSection
	GlobalSection(ExtensibilityGlobals) = postSolution
		SolutionGuid = {00277B02-712E-4AFB-A681-0851658B9276}
	EndGlobalSection
EndGlobal
